
Microsoft Visual Studio Solution File, Format Version 12.00
# Visual Studio Version 17
VisualStudioVersion = 17.3.32922.545
MinimumVisualStudioVersion = 10.0.40219.1
Project("{FAE04EC0-301F-11D3-BF4B-00C04F79EFBC}") = "AccountRegisterApplication", "AccountRegisterApplication\AccountRegisterApplication.csproj", "{59404816-BD21-411A-A20C-166A05547B41}"
EndProject
Project("{FAE04EC0-301F-11D3-BF4B-00C04F79EFBC}") = "ProxyLayer", "ProxyLayer\ProxyLayer.csproj", "{09EF2F68-6EDB-4C5E-AFE7-8564225379B6}"
EndProject
Project("{FAE04EC0-301F-11D3-BF4B-00C04F79EFBC}") = "PhoneNumbersLayer", "PhoneNumbersLayer\PhoneNumbersLayer.csproj", "{4CD3DFE4-86D0-4014-BE27-43D58B56585C}"
EndProject
Project("{FAE04EC0-301F-11D3-BF4B-00C04F79EFBC}") = "HttpManager", "HttpManager\HttpManager.csproj", "{9DBA8722-C1C9-4D3C-88FA-96FD5DBF048B}"
EndProject
Project("{FAE04EC0-301F-11D3-BF4B-00C04F79EFBC}") = "CaptchaLayer", "CaptchaLayer\CaptchaLayer.csproj", "{F95488B0-24E7-4750-A4EC-6F93EDFA654C}"
EndProject
Global
	GlobalSection(SolutionConfigurationPlatforms) = preSolution
		Debug|Any CPU = Debug|Any CPU
		Release|Any CPU = Release|Any CPU
	EndGlobalSection
	GlobalSection(ProjectConfigurationPlatforms) = postSolution
		{59404816-BD21-411A-A20C-166A05547B41}.Debug|Any CPU.ActiveCfg = Debug|Any CPU
		{59404816-BD21-411A-A20C-166A05547B41}.Debug|Any CPU.Build.0 = Debug|Any CPU
		{59404816-BD21-411A-A20C-166A05547B41}.Release|Any CPU.ActiveCfg = Release|Any CPU
		{59404816-BD21-411A-A20C-166A05547B41}.Release|Any CPU.Build.0 = Release|Any CPU
		{09EF2F68-6EDB-4C5E-AFE7-8564225379B6}.Debug|Any CPU.ActiveCfg = Debug|Any CPU
		{09EF2F68-6EDB-4C5E-AFE7-8564225379B6}.Debug|Any CPU.Build.0 = Debug|Any CPU
		{09EF2F68-6EDB-4C5E-AFE7-8564225379B6}.Release|Any CPU.ActiveCfg = Release|Any CPU
		{09EF2F68-6EDB-4C5E-AFE7-8564225379B6}.Release|Any CPU.Build.0 = Release|Any CPU
		{4CD3DFE4-86D0-4014-BE27-43D58B56585C}.Debug|Any CPU.ActiveCfg = Debug|Any CPU
		{4CD3DFE4-86D0-4014-BE27-43D58B56585C}.Debug|Any CPU.Build.0 = Debug|Any CPU
		{4CD3DFE4-86D0-4014-BE27-43D58B56585C}.Release|Any CPU.ActiveCfg = Release|Any CPU
		{4CD3DFE4-86D0-4014-BE27-43D58B56585C}.Release|Any CPU.Build.0 = Release|Any CPU
		{9DBA8722-C1C9-4D3C-88FA-96FD5DBF048B}.Debug|Any CPU.ActiveCfg = Debug|Any CPU
		{9DBA8722-C1C9-4D3C-88FA-96FD5DBF048B}.Debug|Any CPU.Build.0 = Debug|Any CPU
		{9DBA8722-C1C9-4D3C-88FA-96FD5DBF048B}.Release|Any CPU.ActiveCfg = Release|Any CPU
		{9DBA8722-C1C9-4D3C-88FA-96FD5DBF048B}.Release|Any CPU.Build.0 = Release|Any CPU
		{F95488B0-24E7-4750-A4EC-6F93EDFA654C}.Debug|Any CPU.ActiveCfg = Debug|Any CPU
		{F95488B0-24E7-4750-A4EC-6F93EDFA654C}.Debug|Any CPU.Build.0 = Debug|Any CPU
		{F95488B0-24E7-4750-A4EC-6F93EDFA654C}.Release|Any CPU.ActiveCfg = Release|Any CPU
		{F95488B0-24E7-4750-A4EC-6F93EDFA654C}.Release|Any CPU.Build.0 = Release|Any CPU
	EndGlobalSection
	GlobalSection(SolutionProperties) = preSolution
		HideSolutionNode = FALSE
	EndGlobalSection
	GlobalSection(ExtensibilityGlobals) = postSolution
		SolutionGuid = {C9DAEF70-CADB-485F-B77B-B61ABAF28E0B}
	EndGlobalSection
EndGlobal
